
Microsoft Visual Studio Solution File, Format Version 12.00
# Visual Studio 2013
VisualStudioVersion = 12.0.31101.0
MinimumVisualStudioVersion = 10.0.40219.1
Project("{FAE04EC0-301F-11D3-BF4B-00C04F79EFBC}") = "Web", "Web\Web.csproj", "{36EEFFF0-1016-47E4-A731-3E573CC17861}"
EndProject
Project("{FAE04EC0-301F-11D3-BF4B-00C04F79EFBC}") = "Web.Tests", "Web.Tests\Web.Tests.csproj", "{12C41476-CF9B-465E-A232-2208D6E6305A}"
EndProject
Project("{2150E333-8FDC-42A3-9474-1A3956D46DE8}") = "Solution Items", "Solution Items", "{D978B990-E106-47A4-8B83-A563F56C4827}"
	ProjectSection(SolutionItems) = preProject
		Settings.StyleCop = Settings.StyleCop
		SimpleProxy.sln.DotSettings = SimpleProxy.sln.DotSettings
	EndProjectSection
EndProject
Global
	GlobalSection(SolutionConfigurationPlatforms) = preSolution
		Debug|Any CPU = Debug|Any CPU
		Release|Any CPU = Release|Any CPU
	EndGlobalSection
	GlobalSection(ProjectConfigurationPlatforms) = postSolution
		{36EEFFF0-1016-47E4-A731-3E573CC17861}.Debug|Any CPU.ActiveCfg = Debug|Any CPU
		{36EEFFF0-1016-47E4-A731-3E573CC17861}.Debug|Any CPU.Build.0 = Debug|Any CPU
		{36EEFFF0-1016-47E4-A731-3E573CC17861}.Release|Any CPU.ActiveCfg = Release|Any CPU
		{36EEFFF0-1016-47E4-A731-3E573CC17861}.Release|Any CPU.Build.0 = Release|Any CPU
		{12C41476-CF9B-465E-A232-2208D6E6305A}.Debug|Any CPU.ActiveCfg = Debug|Any CPU
		{12C41476-CF9B-465E-A232-2208D6E6305A}.Debug|Any CPU.Build.0 = Debug|Any CPU
		{12C41476-CF9B-465E-A232-2208D6E6305A}.Release|Any CPU.ActiveCfg = Release|Any CPU
		{12C41476-CF9B-465E-A232-2208D6E6305A}.Release|Any CPU.Build.0 = Release|Any CPU
	EndGlobalSection
	GlobalSection(SolutionProperties) = preSolution
		HideSolutionNode = FALSE
	EndGlobalSection
EndGlobal
